# THIS IS AN AUTOGENERATED FILE. DO NOT EDIT THIS FILE DIRECTLY.
# yarn lockfile v1


"json-rpc-random-id@^1.0.0":
  "integrity" "sha1-uknZat7RRE27jaPSA3SKy7zeyMg="
  "resolved" "https://registry.npmjs.org/json-rpc-random-id/-/json-rpc-random-id-1.0.1.tgz"
  "version" "1.0.1"

"xtend@^4.0.1":
  "integrity" "sha512-LKYU1iAXJXUgAXn9URjiu+MWhyUXHsvfp7mcuYm9dSUKK0/CjtrUwFAxD82/mCWbtLsGjFIad0wIsod4zrTAEQ=="
  "resolved" "https://registry.npmjs.org/xtend/-/xtend-4.0.2.tgz"
  "version" "4.0.2"
